
Microsoft Visual Studio Solution File, Format Version 12.00
# Visual Studio Version 17
VisualStudioVersion = 17.3.32901.215
MinimumVisualStudioVersion = 10.0.40219.1
Project("{FAE04EC0-301F-11D3-BF4B-00C04F79EFBC}") = "LAB6", "LAB6\LAB6.csproj", "{D8DAF4E8-5EED-4A28-A45C-12AD4EBFA54C}"
EndProject
Global
	GlobalSection(SolutionConfigurationPlatforms) = preSolution
		Debug|Any CPU = Debug|Any CPU
		Release|Any CPU = Release|Any CPU
	EndGlobalSection
	GlobalSection(ProjectConfigurationPlatforms) = postSolution
		{D8DAF4E8-5EED-4A28-A45C-12AD4EBFA54C}.Debug|Any CPU.ActiveCfg = Debug|Any CPU
		{D8DAF4E8-5EED-4A28-A45C-12AD4EBFA54C}.Debug|Any CPU.Build.0 = Debug|Any CPU
		{D8DAF4E8-5EED-4A28-A45C-12AD4EBFA54C}.Release|Any CPU.ActiveCfg = Release|Any CPU
		{D8DAF4E8-5EED-4A28-A45C-12AD4EBFA54C}.Release|Any CPU.Build.0 = Release|Any CPU
	EndGlobalSection
	GlobalSection(SolutionProperties) = preSolution
		HideSolutionNode = FALSE
	EndGlobalSection
	GlobalSection(ExtensibilityGlobals) = postSolution
		SolutionGuid = {3526E51B-3C2B-4BEF-9B98-D19084558B90}
	EndGlobalSection
EndGlobal
